
Microsoft Visual Studio Solution File, Format Version 12.00
# Visual Studio Version 17
VisualStudioVersion = 17.9.34607.119
MinimumVisualStudioVersion = 10.0.40219.1
Project("{FAE04EC0-301F-11D3-BF4B-00C04F79EFBC}") = "AJMSnusbolaget", "AJMSnusbolaget\AJMSnusbolaget.csproj", "{D898C682-0D3D-4360-A218-69480E5D3D76}"
EndProject
Global
	GlobalSection(SolutionConfigurationPlatforms) = preSolution
		Debug|Any CPU = Debug|Any CPU
		Release|Any CPU = Release|Any CPU
	EndGlobalSection
	GlobalSection(ProjectConfigurationPlatforms) = postSolution
		{D898C682-0D3D-4360-A218-69480E5D3D76}.Debug|Any CPU.ActiveCfg = Debug|Any CPU
		{D898C682-0D3D-4360-A218-69480E5D3D76}.Debug|Any CPU.Build.0 = Debug|Any CPU
		{D898C682-0D3D-4360-A218-69480E5D3D76}.Release|Any CPU.ActiveCfg = Release|Any CPU
		{D898C682-0D3D-4360-A218-69480E5D3D76}.Release|Any CPU.Build.0 = Release|Any CPU
	EndGlobalSection
	GlobalSection(SolutionProperties) = preSolution
		HideSolutionNode = FALSE
	EndGlobalSection
	GlobalSection(ExtensibilityGlobals) = postSolution
		SolutionGuid = {FACB57BE-8C80-46CA-844D-5896772E07B2}
	EndGlobalSection
EndGlobal
